
Microsoft Visual Studio Solution File, Format Version 12.00
# Visual Studio Version 16
VisualStudioVersion = 16.0.30711.63
MinimumVisualStudioVersion = 10.0.40219.1
Project("{FAE04EC0-301F-11D3-BF4B-00C04F79EFBC}") = "LeituraTXT", "LeituraTXT\LeituraTXT.csproj", "{46EF28B2-4DE4-4C7C-BE4E-77B07D778478}"
EndProject
Global
	GlobalSection(SolutionConfigurationPlatforms) = preSolution
		Debug|Any CPU = Debug|Any CPU
		Release|Any CPU = Release|Any CPU
	EndGlobalSection
	GlobalSection(ProjectConfigurationPlatforms) = postSolution
		{46EF28B2-4DE4-4C7C-BE4E-77B07D778478}.Debug|Any CPU.ActiveCfg = Debug|Any CPU
		{46EF28B2-4DE4-4C7C-BE4E-77B07D778478}.Debug|Any CPU.Build.0 = Debug|Any CPU
		{46EF28B2-4DE4-4C7C-BE4E-77B07D778478}.Release|Any CPU.ActiveCfg = Release|Any CPU
		{46EF28B2-4DE4-4C7C-BE4E-77B07D778478}.Release|Any CPU.Build.0 = Release|Any CPU
	EndGlobalSection
	GlobalSection(SolutionProperties) = preSolution
		HideSolutionNode = FALSE
	EndGlobalSection
	GlobalSection(ExtensibilityGlobals) = postSolution
		SolutionGuid = {1BBB4BA5-95B3-4E02-85DC-0B5B803D6A1A}
	EndGlobalSection
EndGlobal
